// !$*UTF8*$!
{
	archiveVersion = 1;
	classes = {
	};
	objectVersion = 55;
	objects = {

/* Begin PBXBuildFile section */
		C3037EA627B7D366008BD68B /* TDStepSequencerApp.swift in Sources */ = {isa = PBXBuildFile; fileRef = C3037EA527B7D366008BD68B /* TDStepSequencerApp.swift */; };
		C3037EA827B7D366008BD68B /* ContentView.swift in Sources */ = {isa = PBXBuildFile; fileRef = C3037EA727B7D366008BD68B /* ContentView.swift */; };
		C3037EAA27B7D36D008BD68B /* Assets.xcassets in Resources */ = {isa = PBXBuildFile; fileRef = C3037EA927B7D36D008BD68B /* Assets.xcassets */; };
		C3037EAD27B7D36D008BD68B /* Preview Assets.xcassets in Resources */ = {isa = PBXBuildFile; fileRef = C3037EAC27B7D36D008BD68B /* Preview Assets.xcassets */; };
		C3037EB427B7D4A5008BD68B /* Oscillator.swift in Sources */ = {isa = PBXBuildFile; fileRef = C3037EB327B7D4A5008BD68B /* Oscillator.swift */; };
		C3037EB627B7D69E008BD68B /* SoundEngine.swift in Sources */ = {isa = PBXBuildFile; fileRef = C3037EB527B7D69E008BD68B /* SoundEngine.swift */; };
		C3147AFC27BABB1100573C83 /* SequencerViewModel.swift in Sources */ = {isa = PBXBuildFile; fileRef = C3147AFB27BABB1100573C83 /* SequencerViewModel.swift */; };
		C31944F427B9641000E6BBBF /* Octave.swift in Sources */ = {isa = PBXBuildFile; fileRef = C31944F327B9641000E6BBBF /* Octave.swift */; };
		C35BC0C127D341410014D317 /* UtilStrings.swift in Sources */ = {isa = PBXBuildFile; fileRef = C35BC0C027D341410014D317 /* UtilStrings.swift */; };
		C35BC0C327D398D20014D317 /* StoredSequencesView.swift in Sources */ = {isa = PBXBuildFile; fileRef = C35BC0C227D398D20014D317 /* StoredSequencesView.swift */; };
		C388B5F8292E95A2001593C0 /* RotationKnobView.swift in Sources */ = {isa = PBXBuildFile; fileRef = C388B5F7292E95A2001593C0 /* RotationKnobView.swift */; };
		C388B5FB292E9768001593C0 /* UIColor+rgb.swift in Sources */ = {isa = PBXBuildFile; fileRef = C388B5FA292E9768001593C0 /* UIColor+rgb.swift */; };
		C388B5FD292E97AF001593C0 /* Array+chunk.swift in Sources */ = {isa = PBXBuildFile; fileRef = C388B5FC292E97AE001593C0 /* Array+chunk.swift */; };
		C3E406B227F9F19100F2E66F /* UserSequencesViewModel.swift in Sources */ = {isa = PBXBuildFile; fileRef = C3E406B127F9F19100F2E66F /* UserSequencesViewModel.swift */; };
		C3E406B527F9F2DD00F2E66F /* Realm in Frameworks */ = {isa = PBXBuildFile; productRef = C3E406B427F9F2DD00F2E66F /* Realm */; };
		C3E406B727F9F2DD00F2E66F /* RealmSwift in Frameworks */ = {isa = PBXBuildFile; productRef = C3E406B627F9F2DD00F2E66F /* RealmSwift */; };
		C3E406B927F9F35A00F2E66F /* StoredSequence.swift in Sources */ = {isa = PBXBuildFile; fileRef = C3E406B827F9F35A00F2E66F /* StoredSequence.swift */; };
/* End PBXBuildFile section */

/* Begin PBXFileReference section */
		C3037EA227B7D366008BD68B /* TDStepSequencer.app */ = {isa = PBXFileReference; explicitFileType = wrapper.application; includeInIndex = 0; path = TDStepSequencer.app; sourceTree = BUILT_PRODUCTS_DIR; };
		C3037EA527B7D366008BD68B /* TDStepSequencerApp.swift */ = {isa = PBXFileReference; lastKnownFileType = sourcecode.swift; path = TDStepSequencerApp.swift; sourceTree = "<group>"; };
		C3037EA727B7D366008BD68B /* ContentView.swift */ = {isa = PBXFileReference; lastKnownFileType = sourcecode.swift; path = ContentView.swift; sourceTree = "<group>"; };
		C3037EA927B7D36D008BD68B /* Assets.xcassets */ = {isa = PBXFileReference; lastKnownFileType = folder.assetcatalog; path = Assets.xcassets; sourceTree = "<group>"; };
		C3037EAC27B7D36D008BD68B /* Preview Assets.xcassets */ = {isa = PBXFileReference; lastKnownFileType = folder.assetcatalog; path = "Preview Assets.xcassets"; sourceTree = "<group>"; };
		C3037EB327B7D4A5008BD68B /* Oscillator.swift */ = {isa = PBXFileReference; lastKnownFileType = sourcecode.swift; path = Oscillator.swift; sourceTree = "<group>"; };
		C3037EB527B7D69E008BD68B /* SoundEngine.swift */ = {isa = PBXFileReference; lastKnownFileType = sourcecode.swift; path = SoundEngine.swift; sourceTree = "<group>"; };
		C3147AFB27BABB1100573C83 /* SequencerViewModel.swift */ = {isa = PBXFileReference; lastKnownFileType = sourcecode.swift; path = SequencerViewModel.swift; sourceTree = "<group>"; };
		C31944F327B9641000E6BBBF /* Octave.swift */ = {isa = PBXFileReference; lastKnownFileType = sourcecode.swift; path = Octave.swift; sourceTree = "<group>"; };
		C35BC0C027D341410014D317 /* UtilStrings.swift */ = {isa = PBXFileReference; lastKnownFileType = sourcecode.swift; path = UtilStrings.swift; sourceTree = "<group>"; };
		C35BC0C227D398D20014D317 /* StoredSequencesView.swift */ = {isa = PBXFileReference; lastKnownFileType = sourcecode.swift; path = StoredSequencesView.swift; sourceTree = "<group>"; };
		C388B5F7292E95A2001593C0 /* RotationKnobView.swift */ = {isa = PBXFileReference; lastKnownFileType = sourcecode.swift; path = RotationKnobView.swift; sourceTree = "<group>"; };
		C388B5FA292E9768001593C0 /* UIColor+rgb.swift */ = {isa = PBXFileReference; lastKnownFileType = sourcecode.swift; path = "UIColor+rgb.swift"; sourceTree = "<group>"; };
		C388B5FC292E97AE001593C0 /* Array+chunk.swift */ = {isa = PBXFileReference; lastKnownFileType = sourcecode.swift; path = "Array+chunk.swift"; sourceTree = "<group>"; };
		C3E406B127F9F19100F2E66F /* UserSequencesViewModel.swift */ = {isa = PBXFileReference; lastKnownFileType = sourcecode.swift; path = UserSequencesViewModel.swift; sourceTree = "<group>"; };
		C3E406B827F9F35A00F2E66F /* StoredSequence.swift */ = {isa = PBXFileReference; lastKnownFileType = sourcecode.swift; path = StoredSequence.swift; sourceTree = "<group>"; };
/* End PBXFileReference section */

/* Begin PBXFrameworksBuildPhase section */
		C3037E9F27B7D366008BD68B /* Frameworks */ = {
			isa = PBXFrameworksBuildPhase;
			buildActionMask = 2147483647;
			files = (
				C3E406B727F9F2DD00F2E66F /* RealmSwift in Frameworks */,
				C3E406B527F9F2DD00F2E66F /* Realm in Frameworks */,
			);
			runOnlyForDeploymentPostprocessing = 0;
		};
/* End PBXFrameworksBuildPhase section */

/* Begin PBXGroup section */
		C3037E9927B7D365008BD68B = {
			isa = PBXGroup;
			children = (
				C3037EA427B7D366008BD68B /* TDStepSequencer */,
				C3037EA327B7D366008BD68B /* Products */,
			);
			sourceTree = "<group>";
		};
		C3037EA327B7D366008BD68B /* Products */ = {
			isa = PBXGroup;
			children = (
				C3037EA227B7D366008BD68B /* TDStepSequencer.app */,
			);
			name = Products;
			sourceTree = "<group>";
		};
		C3037EA427B7D366008BD68B /* TDStepSequencer */ = {
			isa = PBXGroup;
			children = (
				C35BC0C527D4C6510014D317 /* ViewModel */,
				C35BC0C427D4C64B0014D317 /* Views */,
				C35BC0C627D4C6750014D317 /* SoundGeneration */,
				C3037EAB27B7D36D008BD68B /* Preview Content */,
				C35BC0C027D341410014D317 /* UtilStrings.swift */,
				C3037EA527B7D366008BD68B /* TDStepSequencerApp.swift */,
				C3037EA927B7D36D008BD68B /* Assets.xcassets */,
				C3E406B827F9F35A00F2E66F /* StoredSequence.swift */,
				C388B5F9292E9721001593C0 /* Utils */,
			);
			path = TDStepSequencer;
			sourceTree = "<group>";
		};
		C3037EAB27B7D36D008BD68B /* Preview Content */ = {
			isa = PBXGroup;
			children = (
				C3037EAC27B7D36D008BD68B /* Preview Assets.xcassets */,
			);
			path = "Preview Content";
			sourceTree = "<group>";
		};
		C35BC0C427D4C64B0014D317 /* Views */ = {
			isa = PBXGroup;
			children = (
				C3037EA727B7D366008BD68B /* ContentView.swift */,
				C35BC0C227D398D20014D317 /* StoredSequencesView.swift */,
				C388B5F7292E95A2001593C0 /* RotationKnobView.swift */,
			);
			path = Views;
			sourceTree = "<group>";
		};
		C35BC0C527D4C6510014D317 /* ViewModel */ = {
			isa = PBXGroup;
			children = (
				C3147AFB27BABB1100573C83 /* SequencerViewModel.swift */,
				C3E406B127F9F19100F2E66F /* UserSequencesViewModel.swift */,
			);
			path = ViewModel;
			sourceTree = "<group>";
		};
		C35BC0C627D4C6750014D317 /* SoundGeneration */ = {
			isa = PBXGroup;
			children = (
				C3037EB327B7D4A5008BD68B /* Oscillator.swift */,
				C3037EB527B7D69E008BD68B /* SoundEngine.swift */,
				C31944F327B9641000E6BBBF /* Octave.swift */,
			);
			path = SoundGeneration;
			sourceTree = "<group>";
		};
		C388B5F9292E9721001593C0 /* Utils */ = {
			isa = PBXGroup;
			children = (
				C388B5FA292E9768001593C0 /* UIColor+rgb.swift */,
				C388B5FC292E97AE001593C0 /* Array+chunk.swift */,
			);
			path = Utils;
			sourceTree = "<group>";
		};
/* End PBXGroup section */

/* Begin PBXNativeTarget section */
		C3037EA127B7D366008BD68B /* TDStepSequencer */ = {
			isa = PBXNativeTarget;
			buildConfigurationList = C3037EB027B7D36D008BD68B /* Build configuration list for PBXNativeTarget "TDStepSequencer" */;
			buildPhases = (
				C3037E9E27B7D366008BD68B /* Sources */,
				C3037E9F27B7D366008BD68B /* Frameworks */,
				C3037EA027B7D366008BD68B /* Resources */,
			);
			buildRules = (
			);
			dependencies = (
			);
			name = TDStepSequencer;
			packageProductDependencies = (
				C3E406B427F9F2DD00F2E66F /* Realm */,
				C3E406B627F9F2DD00F2E66F /* RealmSwift */,
			);
			productName = AudioBasics;
			productReference = C3037EA227B7D366008BD68B /* TDStepSequencer.app */;
			productType = "com.apple.product-type.application";
		};
/* End PBXNativeTarget section */

/* Begin PBXProject section */
		C3037E9A27B7D365008BD68B /* Project object */ = {
			isa = PBXProject;
			attributes = {
				BuildIndependentTargetsInParallel = 1;
				LastSwiftUpdateCheck = 1310;
				LastUpgradeCheck = 1310;
				TargetAttributes = {
					C3037EA127B7D366008BD68B = {
						CreatedOnToolsVersion = 13.1;
					};
				};
			};
			buildConfigurationList = C3037E9D27B7D365008BD68B /* Build configuration list for PBXProject "TDStepSequencer" */;
			compatibilityVersion = "Xcode 13.0";
			developmentRegion = en;
			hasScannedForEncodings = 0;
			knownRegions = (
				en,
				Base,
			);
			mainGroup = C3037E9927B7D365008BD68B;
			packageReferences = (
				C3E406B327F9F2DC00F2E66F /* XCRemoteSwiftPackageReference "realm-swift" */,
			);
			productRefGroup = C3037EA327B7D366008BD68B /* Products */;
			projectDirPath = "";
			projectRoot = "";
			targets = (
				C3037EA127B7D366008BD68B /* TDStepSequencer */,
			);
		};
/* End PBXProject section */

/* Begin PBXResourcesBuildPhase section */
		C3037EA027B7D366008BD68B /* Resources */ = {
			isa = PBXResourcesBuildPhase;
			buildActionMask = 2147483647;
			files = (
				C3037EAD27B7D36D008BD68B /* Preview Assets.xcassets in Resources */,
				C3037EAA27B7D36D008BD68B /* Assets.xcassets in Resources */,
			);
			runOnlyForDeploymentPostprocessing = 0;
		};
/* End PBXResourcesBuildPhase section */

/* Begin PBXSourcesBuildPhase section */
		C3037E9E27B7D366008BD68B /* Sources */ = {
			isa = PBXSourcesBuildPhase;
			buildActionMask = 2147483647;
			files = (
				C31944F427B9641000E6BBBF /* Octave.swift in Sources */,
				C3037EB627B7D69E008BD68B /* SoundEngine.swift in Sources */,
				C3E406B227F9F19100F2E66F /* UserSequencesViewModel.swift in Sources */,
				C388B5FB292E9768001593C0 /* UIColor+rgb.swift in Sources */,
				C3E406B927F9F35A00F2E66F /* StoredSequence.swift in Sources */,
				C3037EB427B7D4A5008BD68B /* Oscillator.swift in Sources */,
				C388B5FD292E97AF001593C0 /* Array+chunk.swift in Sources */,
				C3037EA827B7D366008BD68B /* ContentView.swift in Sources */,
				C35BC0C327D398D20014D317 /* StoredSequencesView.swift in Sources */,
				C3147AFC27BABB1100573C83 /* SequencerViewModel.swift in Sources */,
				C388B5F8292E95A2001593C0 /* RotationKnobView.swift in Sources */,
				C3037EA627B7D366008BD68B /* TDStepSequencerApp.swift in Sources */,
				C35BC0C127D341410014D317 /* UtilStrings.swift in Sources */,
			);
			runOnlyForDeploymentPostprocessing = 0;
		};
/* End PBXSourcesBuildPhase section */

/* Begin XCBuildConfiguration section */
		C3037EAE27B7D36D008BD68B /* Debug */ = {
			isa = XCBuildConfiguration;
			buildSettings = {
				ALWAYS_SEARCH_USER_PATHS = NO;
				CLANG_ANALYZER_NONNULL = YES;
				CLANG_ANALYZER_NUMBER_OBJECT_CONVERSION = YES_AGGRESSIVE;
				CLANG_CXX_LANGUAGE_STANDARD = "gnu++17";
				CLANG_CXX_LIBRARY = "libc++";
				CLANG_ENABLE_MODULES = YES;
				CLANG_ENABLE_OBJC_ARC = YES;
				CLANG_ENABLE_OBJC_WEAK = YES;
				CLANG_WARN_BLOCK_CAPTURE_AUTORELEASING = YES;
				CLANG_WARN_BOOL_CONVERSION = YES;
				CLANG_WARN_COMMA = YES;
				CLANG_WARN_CONSTANT_CONVERSION = YES;
				CLANG_WARN_DEPRECATED_OBJC_IMPLEMENTATIONS = YES;
				CLANG_WARN_DIRECT_OBJC_ISA_USAGE = YES_ERROR;
				CLANG_WARN_DOCUMENTATION_COMMENTS = YES;
				CLANG_WARN_EMPTY_BODY = YES;
				CLANG_WARN_ENUM_CONVERSION = YES;
				CLANG_WARN_INFINITE_RECURSION = YES;
				CLANG_WARN_INT_CONVERSION = YES;
				CLANG_WARN_NON_LITERAL_NULL_CONVERSION = YES;
				CLANG_WARN_OBJC_IMPLICIT_RETAIN_SELF = YES;
				CLANG_WARN_OBJC_LITERAL_CONVERSION = YES;
				CLANG_WARN_OBJC_ROOT_CLASS = YES_ERROR;
				CLANG_WARN_QUOTED_INCLUDE_IN_FRAMEWORK_HEADER = YES;
				CLANG_WARN_RANGE_LOOP_ANALYSIS = YES;
				CLANG_WARN_STRICT_PROTOTYPES = YES;
				CLANG_WARN_SUSPICIOUS_MOVE = YES;
				CLANG_WARN_UNGUARDED_AVAILABILITY = YES_AGGRESSIVE;
				CLANG_WARN_UNREACHABLE_CODE = YES;
				CLANG_WARN__DUPLICATE_METHOD_MATCH = YES;
				COPY_PHASE_STRIP = NO;
				DEBUG_INFORMATION_FORMAT = dwarf;
				ENABLE_STRICT_OBJC_MSGSEND = YES;
				ENABLE_TESTABILITY = YES;
				GCC_C_LANGUAGE_STANDARD = gnu11;
				GCC_DYNAMIC_NO_PIC = NO;
				GCC_NO_COMMON_BLOCKS = YES;
				GCC_OPTIMIZATION_LEVEL = 0;
				GCC_PREPROCESSOR_DEFINITIONS = (
					"DEBUG=1",
					"$(inherited)",
				);
				GCC_WARN_64_TO_32_BIT_CONVERSION = YES;
				GCC_WARN_ABOUT_RETURN_TYPE = YES_ERROR;
				GCC_WARN_UNDECLARED_SELECTOR = YES;
				GCC_WARN_UNINITIALIZED_AUTOS = YES_AGGRESSIVE;
				GCC_WARN_UNUSED_FUNCTION = YES;
				GCC_WARN_UNUSED_VARIABLE = YES;
				IPHONEOS_DEPLOYMENT_TARGET = 15.0;
				MTL_ENABLE_DEBUG_INFO = INCLUDE_SOURCE;
				MTL_FAST_MATH = YES;
				ONLY_ACTIVE_ARCH = YES;
				SDKROOT = iphoneos;
				SWIFT_ACTIVE_COMPILATION_CONDITIONS = DEBUG;
				SWIFT_OPTIMIZATION_LEVEL = "-Onone";
			};
			name = Debug;
		};
		C3037EAF27B7D36D008BD68B /* Release */ = {
			isa = XCBuildConfiguration;
			buildSettings = {
				ALWAYS_SEARCH_USER_PATHS = NO;
				CLANG_ANALYZER_NONNULL = YES;
				CLANG_ANALYZER_NUMBER_OBJECT_CONVERSION = YES_AGGRESSIVE;
				CLANG_CXX_LANGUAGE_STANDARD = "gnu++17";
				CLANG_CXX_LIBRARY = "libc++";
				CLANG_ENABLE_MODULES = YES;
				CLANG_ENABLE_OBJC_ARC = YES;
				CLANG_ENABLE_OBJC_WEAK = YES;
				CLANG_WARN_BLOCK_CAPTURE_AUTORELEASING = YES;
				CLANG_WARN_BOOL_CONVERSION = YES;
				CLANG_WARN_COMMA = YES;
				CLANG_WARN_CONSTANT_CONVERSION = YES;
				CLANG_WARN_DEPRECATED_OBJC_IMPLEMENTATIONS = YES;
				CLANG_WARN_DIRECT_OBJC_ISA_USAGE = YES_ERROR;
				CLANG_WARN_DOCUMENTATION_COMMENTS = YES;
				CLANG_WARN_EMPTY_BODY = YES;
				CLANG_WARN_ENUM_CONVERSION = YES;
				CLANG_WARN_INFINITE_RECURSION = YES;
				CLANG_WARN_INT_CONVERSION = YES;
				CLANG_WARN_NON_LITERAL_NULL_CONVERSION = YES;
				CLANG_WARN_OBJC_IMPLICIT_RETAIN_SELF = YES;
				CLANG_WARN_OBJC_LITERAL_CONVERSION = YES;
				CLANG_WARN_OBJC_ROOT_CLASS = YES_ERROR;
				CLANG_WARN_QUOTED_INCLUDE_IN_FRAMEWORK_HEADER = YES;
				CLANG_WARN_RANGE_LOOP_ANALYSIS = YES;
				CLANG_WARN_STRICT_PROTOTYPES = YES;
				CLANG_WARN_SUSPICIOUS_MOVE = YES;
				CLANG_WARN_UNGUARDED_AVAILABILITY = YES_AGGRESSIVE;
				CLANG_WARN_UNREACHABLE_CODE = YES;
				CLANG_WARN__DUPLICATE_METHOD_MATCH = YES;
				COPY_PHASE_STRIP = NO;
				DEBUG_INFORMATION_FORMAT = "dwarf-with-dsym";
				ENABLE_NS_ASSERTIONS = NO;
				ENABLE_STRICT_OBJC_MSGSEND = YES;
				GCC_C_LANGUAGE_STANDARD = gnu11;
				GCC_NO_COMMON_BLOCKS = YES;
				GCC_WARN_64_TO_32_BIT_CONVERSION = YES;
				GCC_WARN_ABOUT_RETURN_TYPE = YES_ERROR;
				GCC_WARN_UNDECLARED_SELECTOR = YES;
				GCC_WARN_UNINITIALIZED_AUTOS = YES_AGGRESSIVE;
				GCC_WARN_UNUSED_FUNCTION = YES;
				GCC_WARN_UNUSED_VARIABLE = YES;
				IPHONEOS_DEPLOYMENT_TARGET = 15.0;
				MTL_ENABLE_DEBUG_INFO = NO;
				MTL_FAST_MATH = YES;
				SDKROOT = iphoneos;
				SWIFT_COMPILATION_MODE = wholemodule;
				SWIFT_OPTIMIZATION_LEVEL = "-O";
				VALIDATE_PRODUCT = YES;
			};
			name = Release;
		};
		C3037EB127B7D36D008BD68B /* Debug */ = {
			isa = XCBuildConfiguration;
			buildSettings = {
				ASSETCATALOG_COMPILER_APPICON_NAME = AppIcon;
				ASSETCATALOG_COMPILER_GLOBAL_ACCENT_COLOR_NAME = AccentColor;
				CODE_SIGN_STYLE = Automatic;
				CURRENT_PROJECT_VERSION = 1;
				DEVELOPMENT_ASSET_PATHS = "\"TDStepSequencer/Preview Content\"";
				DEVELOPMENT_TEAM = TFF9P2QP4C;
				ENABLE_PREVIEWS = YES;
				GENERATE_INFOPLIST_FILE = YES;
				INFOPLIST_KEY_UIApplicationSceneManifest_Generation = YES;
				INFOPLIST_KEY_UIApplicationSupportsIndirectInputEvents = YES;
				INFOPLIST_KEY_UILaunchScreen_Generation = YES;
				INFOPLIST_KEY_UISupportedInterfaceOrientations_iPad = "UIInterfaceOrientationPortrait UIInterfaceOrientationPortraitUpsideDown UIInterfaceOrientationLandscapeLeft UIInterfaceOrientationLandscapeRight";
				INFOPLIST_KEY_UISupportedInterfaceOrientations_iPhone = "UIInterfaceOrientationPortrait UIInterfaceOrientationLandscapeLeft UIInterfaceOrientationLandscapeRight";
				LD_RUNPATH_SEARCH_PATHS = (
					"$(inherited)",
					"@executable_path/Frameworks",
				);
				MARKETING_VERSION = 1.0;
				PRODUCT_BUNDLE_IDENTIFIER = com.example.TDStepSequencer;
				PRODUCT_NAME = TDStepSequencer;
				SWIFT_EMIT_LOC_STRINGS = YES;
				SWIFT_VERSION = 5.0;
				TARGETED_DEVICE_FAMILY = "1,2";
			};
			name = Debug;
		};
		C3037EB227B7D36D008BD68B /* Release */ = {
			isa = XCBuildConfiguration;
			buildSettings = {
				ASSETCATALOG_COMPILER_APPICON_NAME = AppIcon;
				ASSETCATALOG_COMPILER_GLOBAL_ACCENT_COLOR_NAME = AccentColor;
				CODE_SIGN_STYLE = Automatic;
				CURRENT_PROJECT_VERSION = 1;
				DEVELOPMENT_ASSET_PATHS = "\"TDStepSequencer/Preview Content\"";
				DEVELOPMENT_TEAM = TFF9P2QP4C;
				ENABLE_PREVIEWS = YES;
				GENERATE_INFOPLIST_FILE = YES;
				INFOPLIST_KEY_UIApplicationSceneManifest_Generation = YES;
				INFOPLIST_KEY_UIApplicationSupportsIndirectInputEvents = YES;
				INFOPLIST_KEY_UILaunchScreen_Generation = YES;
				INFOPLIST_KEY_UISupportedInterfaceOrientations_iPad = "UIInterfaceOrientationPortrait UIInterfaceOrientationPortraitUpsideDown UIInterfaceOrientationLandscapeLeft UIInterfaceOrientationLandscapeRight";
				INFOPLIST_KEY_UISupportedInterfaceOrientations_iPhone = "UIInterfaceOrientationPortrait UIInterfaceOrientationLandscapeLeft UIInterfaceOrientationLandscapeRight";
				LD_RUNPATH_SEARCH_PATHS = (
					"$(inherited)",
					"@executable_path/Frameworks",
				);
				MARKETING_VERSION = 1.0;
				PRODUCT_BUNDLE_IDENTIFIER = com.example.TDStepSequencer;
				PRODUCT_NAME = TDStepSequencer;
				SWIFT_EMIT_LOC_STRINGS = YES;
				SWIFT_VERSION = 5.0;
				TARGETED_DEVICE_FAMILY = "1,2";
			};
			name = Release;
		};
/* End XCBuildConfiguration section */

/* Begin XCConfigurationList section */
		C3037E9D27B7D365008BD68B /* Build configuration list for PBXProject "TDStepSequencer" */ = {
			isa = XCConfigurationList;
			buildConfigurations = (
				C3037EAE27B7D36D008BD68B /* Debug */,
				C3037EAF27B7D36D008BD68B /* Release */,
			);
			defaultConfigurationIsVisible = 0;
			defaultConfigurationName = Release;
		};
		C3037EB027B7D36D008BD68B /* Build configuration list for PBXNativeTarget "TDStepSequencer" */ = {
			isa = XCConfigurationList;
			buildConfigurations = (
				C3037EB127B7D36D008BD68B /* Debug */,
				C3037EB227B7D36D008BD68B /* Release */,
			);
			defaultConfigurationIsVisible = 0;
			defaultConfigurationName = Release;
		};
/* End XCConfigurationList section */

/* Begin XCRemoteSwiftPackageReference section */
		C3E406B327F9F2DC00F2E66F /* XCRemoteSwiftPackageReference "realm-swift" */ = {
			isa = XCRemoteSwiftPackageReference;
			repositoryURL = "https://github.com/realm/realm-swift.git";
			requirement = {
				kind = upToNextMajorVersion;
				minimumVersion = 10.25.0;
			};
		};
/* End XCRemoteSwiftPackageReference section */

/* Begin XCSwiftPackageProductDependency section */
		C3E406B427F9F2DD00F2E66F /* Realm */ = {
			isa = XCSwiftPackageProductDependency;
			package = C3E406B327F9F2DC00F2E66F /* XCRemoteSwiftPackageReference "realm-swift" */;
			productName = Realm;
		};
		C3E406B627F9F2DD00F2E66F /* RealmSwift */ = {
			isa = XCSwiftPackageProductDependency;
			package = C3E406B327F9F2DC00F2E66F /* XCRemoteSwiftPackageReference "realm-swift" */;
			productName = RealmSwift;
		};
/* End XCSwiftPackageProductDependency section */
	};
	rootObject = C3037E9A27B7D365008BD68B /* Project object */;
}
